
Microsoft Visual Studio Solution File, Format Version 12.00
# Visual Studio Version 17
VisualStudioVersion = 17.14.36301.6 d17.14
MinimumVisualStudioVersion = 10.0.40219.1
Project("{FAE04EC0-301F-11D3-BF4B-00C04F79EFBC}") = "AkilliFitApp.API", "AkilliFitApp.API.csproj", "{4C3C7449-9F16-475C-AD21-F76EBF870E04}"
EndProject
Global
	GlobalSection(SolutionConfigurationPlatforms) = preSolution
		Debug|Any CPU = Debug|Any CPU
		Release|Any CPU = Release|Any CPU
	EndGlobalSection
	GlobalSection(ProjectConfigurationPlatforms) = postSolution
		{4C3C7449-9F16-475C-AD21-F76EBF870E04}.Debug|Any CPU.ActiveCfg = Debug|Any CPU
		{4C3C7449-9F16-475C-AD21-F76EBF870E04}.Debug|Any CPU.Build.0 = Debug|Any CPU
		{4C3C7449-9F16-475C-AD21-F76EBF870E04}.Release|Any CPU.ActiveCfg = Release|Any CPU
		{4C3C7449-9F16-475C-AD21-F76EBF870E04}.Release|Any CPU.Build.0 = Release|Any CPU
	EndGlobalSection
	GlobalSection(SolutionProperties) = preSolution
		HideSolutionNode = FALSE
	EndGlobalSection
	GlobalSection(ExtensibilityGlobals) = postSolution
		SolutionGuid = {CE8CFFA4-4B48-451E-BF3C-927894FB2C8C}
	EndGlobalSection
EndGlobal
